
Microsoft Visual Studio Solution File, Format Version 12.00
# Visual Studio 15
VisualStudioVersion = 15.0.26228.9
MinimumVisualStudioVersion = 10.0.40219.1
Project("{FAE04EC0-301F-11D3-BF4B-00C04F79EFBC}") = "MockHttpRequestTest", "MockHttpRequestTest\MockHttpRequestTest.csproj", "{70A476FF-A9E6-4B5B-87D6-CBDBF0E708B7}"
EndProject
Project("{FAE04EC0-301F-11D3-BF4B-00C04F79EFBC}") = "UnitTestUi", "UnitTestUi\UnitTestUi.csproj", "{8428511C-51F5-4E3C-B35E-9031619CA0D9}"
EndProject
Global
	GlobalSection(SolutionConfigurationPlatforms) = preSolution
		Debug|Any CPU = Debug|Any CPU
		Release|Any CPU = Release|Any CPU
	EndGlobalSection
	GlobalSection(ProjectConfigurationPlatforms) = postSolution
		{70A476FF-A9E6-4B5B-87D6-CBDBF0E708B7}.Debug|Any CPU.ActiveCfg = Debug|Any CPU
		{70A476FF-A9E6-4B5B-87D6-CBDBF0E708B7}.Debug|Any CPU.Build.0 = Debug|Any CPU
		{70A476FF-A9E6-4B5B-87D6-CBDBF0E708B7}.Release|Any CPU.ActiveCfg = Release|Any CPU
		{70A476FF-A9E6-4B5B-87D6-CBDBF0E708B7}.Release|Any CPU.Build.0 = Release|Any CPU
		{8428511C-51F5-4E3C-B35E-9031619CA0D9}.Debug|Any CPU.ActiveCfg = Debug|Any CPU
		{8428511C-51F5-4E3C-B35E-9031619CA0D9}.Debug|Any CPU.Build.0 = Debug|Any CPU
		{8428511C-51F5-4E3C-B35E-9031619CA0D9}.Release|Any CPU.ActiveCfg = Release|Any CPU
		{8428511C-51F5-4E3C-B35E-9031619CA0D9}.Release|Any CPU.Build.0 = Release|Any CPU
	EndGlobalSection
	GlobalSection(SolutionProperties) = preSolution
		HideSolutionNode = FALSE
	EndGlobalSection
EndGlobal
